{
  "name": "project2-master",
  "version": "1.0.0",
  "lockfileVersion": 1,
  "requires": true,
  "dependencies": {
    "body-scroll-lock": {
      "version": "2.6.4",
      "resolved": "https://registry.npmjs.org/body-scroll-lock/-/body-scroll-lock-2.6.4.tgz",
      "integrity": "sha512-NP08WsovlmxEoZP9pdlqrE+AhNaivlTrz9a0FF37BQsnOrpN48eNqivKkE7SYpM9N+YIPjsdVzfLAUQDBm6OQw=="
    },
    "element-matches": {
      "version": "0.1.2",
      "resolved": "https://registry.npmjs.org/element-matches/-/element-matches-0.1.2.tgz",
      "integrity": "sha512-yWh1otcs3OKUWDvu/IxyI36ZI3WNaRZlI0uG/DK6fu0pap0VYZ0J5pEGTk1zakme+hT0OKHwhlHc0N5TJhY6yQ=="
    },
    "lodash.defer": {
      "version": "4.1.0",
      "resolved": "https://registry.npmjs.org/lodash.defer/-/lodash.defer-4.1.0.tgz",
      "integrity": "sha1-6cFYqWHeGkbqJP2jRoW0zN01jz8="
    },
    "lodash.iselement": {
      "version": "4.1.1",
      "resolved": "https://registry.npmjs.org/lodash.iselement/-/lodash.iselement-4.1.1.tgz",
      "integrity": "sha1-9njU9vOpZPnsfxFfJUbz5KC6gso="
    },
    "lodash.isobjectlike": {
      "version": "4.0.0",
      "resolved": "https://registry.npmjs.org/lodash.isobjectlike/-/lodash.isobjectlike-4.0.0.tgz",
      "integrity": "sha1-dCxfxlrdJ5JNPSQZFoGqmheytg0="
    },
    "lodash.zipobject": {
      "version": "4.1.3",
      "resolved": "https://registry.npmjs.org/lodash.zipobject/-/lodash.zipobject-4.1.3.tgz",
      "integrity": "sha1-s5n1q6j/YqdG9peb8gshT5ZNvvg="
    },
    "popper.js": {
      "version": "1.15.0",
      "resolved": "https://registry.npmjs.org/popper.js/-/popper.js-1.15.0.tgz",
      "integrity": "sha512-w010cY1oCUmI+9KwwlWki+r5jxKfTFDVoadl7MSrIujHU5MJ5OR6HTDj6Xo8aoR/QsA56x8jKjA59qGH4ELtrA=="
    },
    "shepherd.js": {
      "version": "3.1.0",
      "resolved": "https://registry.npmjs.org/shepherd.js/-/shepherd.js-3.1.0.tgz",
      "integrity": "sha512-Q6akYrPhNBClTxXQG5URAUc1tfimOAeah7EtZ+xqVcpSPo6BY41MxOrB/u5PZPDsGnjak4woJqhgpwo7UmAyiw==",
      "requires": {
        "body-scroll-lock": "^2.6.1",
        "element-matches": "^0.1.2",
        "lodash.defer": "^4.1.0",
        "lodash.iselement": "^4.1.1",
        "lodash.isobjectlike": "^4.0.0",
        "lodash.zipobject": "^4.1.3",
        "smoothscroll-polyfill": "^0.4.4",
        "tippy.js": "^4.3.4"
      }
    },
    "smoothscroll-polyfill": {
      "version": "0.4.4",
      "resolved": "https://registry.npmjs.org/smoothscroll-polyfill/-/smoothscroll-polyfill-0.4.4.tgz",
      "integrity": "sha512-TK5ZA9U5RqCwMpfoMq/l1mrH0JAR7y7KRvOBx0n2869aLxch+gT9GhN3yUfjiw+d/DiF1mKo14+hd62JyMmoBg=="
    },
    "tippy.js": {
      "version": "4.3.4",
      "resolved": "https://registry.npmjs.org/tippy.js/-/tippy.js-4.3.4.tgz",
      "integrity": "sha512-O2ukxHOJTLVYZ/TfHjNd8WgAWoefX9uk5QiWRdHfX2PR2lBpUU4BJQLl7U2Ykc8K7o16gTeHEElpuRfgD5b0aA==",
      "requires": {
        "popper.js": "^1.14.7"
      }
    }
  }
}
